
Microsoft Visual Studio Solution File, Format Version 12.00
# Visual Studio Version 16
VisualStudioVersion = 16.0.30011.22
MinimumVisualStudioVersion = 10.0.40219.1
Project("{9A19103F-16F7-4668-BE54-9A1E7A4F7556}") = "DddEfteling.Park", "DddEfteling\DddEfteling.Park.csproj", "{F9E26329-EDE9-45F7-BB79-F4B1FA57190B}"
EndProject
Project("{9A19103F-16F7-4668-BE54-9A1E7A4F7556}") = "DddEfteling.Tests", "DddEfteling.Tests\DddEfteling.Tests.csproj", "{6208A815-E99D-48C6-AB17-9A02E5A55567}"
EndProject
Global
	GlobalSection(SolutionConfigurationPlatforms) = preSolution
		Debug|Any CPU = Debug|Any CPU
		Release|Any CPU = Release|Any CPU
	EndGlobalSection
	GlobalSection(ProjectConfigurationPlatforms) = postSolution
		{F9E26329-EDE9-45F7-BB79-F4B1FA57190B}.Debug|Any CPU.ActiveCfg = Debug|Any CPU
		{F9E26329-EDE9-45F7-BB79-F4B1FA57190B}.Debug|Any CPU.Build.0 = Debug|Any CPU
		{F9E26329-EDE9-45F7-BB79-F4B1FA57190B}.Release|Any CPU.ActiveCfg = Release|Any CPU
		{F9E26329-EDE9-45F7-BB79-F4B1FA57190B}.Release|Any CPU.Build.0 = Release|Any CPU
		{6208A815-E99D-48C6-AB17-9A02E5A55567}.Debug|Any CPU.ActiveCfg = Debug|Any CPU
		{6208A815-E99D-48C6-AB17-9A02E5A55567}.Debug|Any CPU.Build.0 = Debug|Any CPU
		{6208A815-E99D-48C6-AB17-9A02E5A55567}.Release|Any CPU.ActiveCfg = Release|Any CPU
		{6208A815-E99D-48C6-AB17-9A02E5A55567}.Release|Any CPU.Build.0 = Release|Any CPU
	EndGlobalSection
	GlobalSection(SolutionProperties) = preSolution
		HideSolutionNode = FALSE
	EndGlobalSection
	GlobalSection(ExtensibilityGlobals) = postSolution
		SolutionGuid = {D899A750-B352-424E-BB46-7F8BFB48DD00}
	EndGlobalSection
EndGlobal
